// !$*UTF8*$!
{
	archiveVersion = 1;
	classes = {
	};
	objectVersion = 48;
	objects = {

/* Begin PBXBuildFile section */
		8625F75D20975F7300D14CFC /* TableViewCell.swift in Sources */ = {isa = PBXBuildFile; fileRef = 8625F75C20975F7300D14CFC /* TableViewCell.swift */; };
		863ED5C72096AA3000A46441 /* AppDelegate.swift in Sources */ = {isa = PBXBuildFile; fileRef = 863ED5C62096AA3000A46441 /* AppDelegate.swift */; };
		863ED5C92096AA3000A46441 /* ViewController.swift in Sources */ = {isa = PBXBuildFile; fileRef = 863ED5C82096AA3000A46441 /* ViewController.swift */; };
		863ED5CC2096AA3000A46441 /* Main.storyboard in Resources */ = {isa = PBXBuildFile; fileRef = 863ED5CA2096AA3000A46441 /* Main.storyboard */; };
		863ED5CE2096AA3000A46441 /* Assets.xcassets in Resources */ = {isa = PBXBuildFile; fileRef = 863ED5CD2096AA3000A46441 /* Assets.xcassets */; };
		863ED5D12096AA3000A46441 /* LaunchScreen.storyboard in Resources */ = {isa = PBXBuildFile; fileRef = 863ED5CF2096AA3000A46441 /* LaunchScreen.storyboard */; };
		863ED5D92096AB3200A46441 /* ToDoItem.swift in Sources */ = {isa = PBXBuildFile; fileRef = 863ED5D82096AB3200A46441 /* ToDoItem.swift */; };
/* End PBXBuildFile section */

/* Begin PBXFileReference section */
		8625F75C20975F7300D14CFC /* TableViewCell.swift */ = {isa = PBXFileReference; lastKnownFileType = sourcecode.swift; path = TableViewCell.swift; sourceTree = "<group>"; };
		863ED5C32096AA3000A46441 /* clearAppGB.app */ = {isa = PBXFileReference; explicitFileType = wrapper.application; includeInIndex = 0; path = clearAppGB.app; sourceTree = BUILT_PRODUCTS_DIR; };
		863ED5C62096AA3000A46441 /* AppDelegate.swift */ = {isa = PBXFileReference; lastKnownFileType = sourcecode.swift; path = AppDelegate.swift; sourceTree = "<group>"; };
		863ED5C82096AA3000A46441 /* ViewController.swift */ = {isa = PBXFileReference; lastKnownFileType = sourcecode.swift; path = ViewController.swift; sourceTree = "<group>"; };
		863ED5CB2096AA3000A46441 /* Base */ = {isa = PBXFileReference; lastKnownFileType = file.storyboard; name = Base; path = Base.lproj/Main.storyboard; sourceTree = "<group>"; };
		863ED5CD2096AA3000A46441 /* Assets.xcassets */ = {isa = PBXFileReference; lastKnownFileType = folder.assetcatalog; path = Assets.xcassets; sourceTree = "<group>"; };
		863ED5D02096AA3000A46441 /* Base */ = {isa = PBXFileReference; lastKnownFileType = file.storyboard; name = Base; path = Base.lproj/LaunchScreen.storyboard; sourceTree = "<group>"; };
		863ED5D22096AA3000A46441 /* Info.plist */ = {isa = PBXFileReference; lastKnownFileType = text.plist.xml; path = Info.plist; sourceTree = "<group>"; };
		863ED5D82096AB3200A46441 /* ToDoItem.swift */ = {isa = PBXFileReference; lastKnownFileType = sourcecode.swift; path = ToDoItem.swift; sourceTree = "<group>"; };
/* End PBXFileReference section */

/* Begin PBXFrameworksBuildPhase section */
		863ED5C02096AA3000A46441 /* Frameworks */ = {
			isa = PBXFrameworksBuildPhase;
			buildActionMask = 2147483647;
			files = (
			);
			runOnlyForDeploymentPostprocessing = 0;
		};
/* End PBXFrameworksBuildPhase section */

/* Begin PBXGroup section */
		8625F75E20975F7B00D14CFC /* Model */ = {
			isa = PBXGroup;
			children = (
				863ED5D82096AB3200A46441 /* ToDoItem.swift */,
			);
			path = Model;
			sourceTree = "<group>";
		};
		8625F75F20975F9500D14CFC /* View */ = {
			isa = PBXGroup;
			children = (
				863ED5CA2096AA3000A46441 /* Main.storyboard */,
				8625F75C20975F7300D14CFC /* TableViewCell.swift */,
			);
			path = View;
			sourceTree = "<group>";
		};
		8625F76020977D5A00D14CFC /* Controller */ = {
			isa = PBXGroup;
			children = (
				863ED5C82096AA3000A46441 /* ViewController.swift */,
			);
			path = Controller;
			sourceTree = "<group>";
		};
		863ED5BA2096AA3000A46441 = {
			isa = PBXGroup;
			children = (
				863ED5C52096AA3000A46441 /* clearAppGB */,
				863ED5C42096AA3000A46441 /* Products */,
			);
			sourceTree = "<group>";
		};
		863ED5C42096AA3000A46441 /* Products */ = {
			isa = PBXGroup;
			children = (
				863ED5C32096AA3000A46441 /* clearAppGB.app */,
			);
			name = Products;
			sourceTree = "<group>";
		};
		863ED5C52096AA3000A46441 /* clearAppGB */ = {
			isa = PBXGroup;
			children = (
				863ED5C62096AA3000A46441 /* AppDelegate.swift */,
				8625F75E20975F7B00D14CFC /* Model */,
				8625F75F20975F9500D14CFC /* View */,
				8625F76020977D5A00D14CFC /* Controller */,
				863ED5CD2096AA3000A46441 /* Assets.xcassets */,
				863ED5CF2096AA3000A46441 /* LaunchScreen.storyboard */,
				863ED5D22096AA3000A46441 /* Info.plist */,
			);
			path = clearAppGB;
			sourceTree = "<group>";
		};
/* End PBXGroup section */

/* Begin PBXNativeTarget section */
		863ED5C22096AA3000A46441 /* clearAppGB */ = {
			isa = PBXNativeTarget;
			buildConfigurationList = 863ED5D52096AA3000A46441 /* Build configuration list for PBXNativeTarget "clearAppGB" */;
			buildPhases = (
				863ED5BF2096AA3000A46441 /* Sources */,
				863ED5C02096AA3000A46441 /* Frameworks */,
				863ED5C12096AA3000A46441 /* Resources */,
			);
			buildRules = (
			);
			dependencies = (
			);
			name = clearAppGB;
			productName = clearAppGB;
			productReference = 863ED5C32096AA3000A46441 /* clearAppGB.app */;
			productType = "com.apple.product-type.application";
		};
/* End PBXNativeTarget section */

/* Begin PBXProject section */
		863ED5BB2096AA3000A46441 /* Project object */ = {
			isa = PBXProject;
			attributes = {
				LastSwiftUpdateCheck = 0910;
				LastUpgradeCheck = 0910;
				ORGANIZATIONNAME = "Gavin Butler";
				TargetAttributes = {
					863ED5C22096AA3000A46441 = {
						CreatedOnToolsVersion = 9.1;
						ProvisioningStyle = Automatic;
					};
				};
			};
			buildConfigurationList = 863ED5BE2096AA3000A46441 /* Build configuration list for PBXProject "clearAppGB" */;
			compatibilityVersion = "Xcode 8.0";
			developmentRegion = en;
			hasScannedForEncodings = 0;
			knownRegions = (
				en,
				Base,
			);
			mainGroup = 863ED5BA2096AA3000A46441;
			productRefGroup = 863ED5C42096AA3000A46441 /* Products */;
			projectDirPath = "";
			projectRoot = "";
			targets = (
				863ED5C22096AA3000A46441 /* clearAppGB */,
			);
		};
/* End PBXProject section */

/* Begin PBXResourcesBuildPhase section */
		863ED5C12096AA3000A46441 /* Resources */ = {
			isa = PBXResourcesBuildPhase;
			buildActionMask = 2147483647;
			files = (
				863ED5D12096AA3000A46441 /* LaunchScreen.storyboard in Resources */,
				863ED5CE2096AA3000A46441 /* Assets.xcassets in Resources */,
				863ED5CC2096AA3000A46441 /* Main.storyboard in Resources */,
			);
			runOnlyForDeploymentPostprocessing = 0;
		};
/* End PBXResourcesBuildPhase section */

/* Begin PBXSourcesBuildPhase section */
		863ED5BF2096AA3000A46441 /* Sources */ = {
			isa = PBXSourcesBuildPhase;
			buildActionMask = 2147483647;
			files = (
				863ED5C92096AA3000A46441 /* ViewController.swift in Sources */,
				8625F75D20975F7300D14CFC /* TableViewCell.swift in Sources */,
				863ED5C72096AA3000A46441 /* AppDelegate.swift in Sources */,
				863ED5D92096AB3200A46441 /* ToDoItem.swift in Sources */,
			);
			runOnlyForDeploymentPostprocessing = 0;
		};
/* End PBXSourcesBuildPhase section */

/* Begin PBXVariantGroup section */
		863ED5CA2096AA3000A46441 /* Main.storyboard */ = {
			isa = PBXVariantGroup;
			children = (
				863ED5CB2096AA3000A46441 /* Base */,
			);
			name = Main.storyboard;
			sourceTree = "<group>";
		};
		863ED5CF2096AA3000A46441 /* LaunchScreen.storyboard */ = {
			isa = PBXVariantGroup;
			children = (
				863ED5D02096AA3000A46441 /* Base */,
			);
			name = LaunchScreen.storyboard;
			sourceTree = "<group>";
		};
/* End PBXVariantGroup section */

/* Begin XCBuildConfiguration section */
		863ED5D32096AA3000A46441 /* Debug */ = {
			isa = XCBuildConfiguration;
			buildSettings = {
				ALWAYS_SEARCH_USER_PATHS = NO;
				CLANG_ANALYZER_NONNULL = YES;
				CLANG_ANALYZER_NUMBER_OBJECT_CONVERSION = YES_AGGRESSIVE;
				CLANG_CXX_LANGUAGE_STANDARD = "gnu++14";
				CLANG_CXX_LIBRARY = "libc++";
				CLANG_ENABLE_MODULES = YES;
				CLANG_ENABLE_OBJC_ARC = YES;
				CLANG_WARN_BLOCK_CAPTURE_AUTORELEASING = YES;
				CLANG_WARN_BOOL_CONVERSION = YES;
				CLANG_WARN_COMMA = YES;
				CLANG_WARN_CONSTANT_CONVERSION = YES;
				CLANG_WARN_DIRECT_OBJC_ISA_USAGE = YES_ERROR;
				CLANG_WARN_DOCUMENTATION_COMMENTS = YES;
				CLANG_WARN_EMPTY_BODY = YES;
				CLANG_WARN_ENUM_CONVERSION = YES;
				CLANG_WARN_INFINITE_RECURSION = YES;
				CLANG_WARN_INT_CONVERSION = YES;
				CLANG_WARN_NON_LITERAL_NULL_CONVERSION = YES;
				CLANG_WARN_OBJC_LITERAL_CONVERSION = YES;
				CLANG_WARN_OBJC_ROOT_CLASS = YES_ERROR;
				CLANG_WARN_RANGE_LOOP_ANALYSIS = YES;
				CLANG_WARN_STRICT_PROTOTYPES = YES;
				CLANG_WARN_SUSPICIOUS_MOVE = YES;
				CLANG_WARN_UNGUARDED_AVAILABILITY = YES_AGGRESSIVE;
				CLANG_WARN_UNREACHABLE_CODE = YES;
				CLANG_WARN__DUPLICATE_METHOD_MATCH = YES;
				CODE_SIGN_IDENTITY = "iPhone Developer";
				COPY_PHASE_STRIP = NO;
				DEBUG_INFORMATION_FORMAT = dwarf;
				ENABLE_STRICT_OBJC_MSGSEND = YES;
				ENABLE_TESTABILITY = YES;
				GCC_C_LANGUAGE_STANDARD = gnu11;
				GCC_DYNAMIC_NO_PIC = NO;
				GCC_NO_COMMON_BLOCKS = YES;
				GCC_OPTIMIZATION_LEVEL = 0;
				GCC_PREPROCESSOR_DEFINITIONS = (
					"DEBUG=1",
					"$(inherited)",
				);
				GCC_WARN_64_TO_32_BIT_CONVERSION = YES;
				GCC_WARN_ABOUT_RETURN_TYPE = YES_ERROR;
				GCC_WARN_UNDECLARED_SELECTOR = YES;
				GCC_WARN_UNINITIALIZED_AUTOS = YES_AGGRESSIVE;
				GCC_WARN_UNUSED_FUNCTION = YES;
				GCC_WARN_UNUSED_VARIABLE = YES;
				IPHONEOS_DEPLOYMENT_TARGET = 11.1;
				MTL_ENABLE_DEBUG_INFO = YES;
				ONLY_ACTIVE_ARCH = YES;
				SDKROOT = iphoneos;
				SWIFT_ACTIVE_COMPILATION_CONDITIONS = DEBUG;
				SWIFT_OPTIMIZATION_LEVEL = "-Onone";
			};
			name = Debug;
		};
		863ED5D42096AA3000A46441 /* Release */ = {
			isa = XCBuildConfiguration;
			buildSettings = {
				ALWAYS_SEARCH_USER_PATHS = NO;
				CLANG_ANALYZER_NONNULL = YES;
				CLANG_ANALYZER_NUMBER_OBJECT_CONVERSION = YES_AGGRESSIVE;
				CLANG_CXX_LANGUAGE_STANDARD = "gnu++14";
				CLANG_CXX_LIBRARY = "libc++";
				CLANG_ENABLE_MODULES = YES;
				CLANG_ENABLE_OBJC_ARC = YES;
				CLANG_WARN_BLOCK_CAPTURE_AUTORELEASING = YES;
				CLANG_WARN_BOOL_CONVERSION = YES;
				CLANG_WARN_COMMA = YES;
				CLANG_WARN_CONSTANT_CONVERSION = YES;
				CLANG_WARN_DIRECT_OBJC_ISA_USAGE = YES_ERROR;
				CLANG_WARN_DOCUMENTATION_COMMENTS = YES;
				CLANG_WARN_EMPTY_BODY = YES;
				CLANG_WARN_ENUM_CONVERSION = YES;
				CLANG_WARN_INFINITE_RECURSION = YES;
				CLANG_WARN_INT_CONVERSION = YES;
				CLANG_WARN_NON_LITERAL_NULL_CONVERSION = YES;
				CLANG_WARN_OBJC_LITERAL_CONVERSION = YES;
				CLANG_WARN_OBJC_ROOT_CLASS = YES_ERROR;
				CLANG_WARN_RANGE_LOOP_ANALYSIS = YES;
				CLANG_WARN_STRICT_PROTOTYPES = YES;
				CLANG_WARN_SUSPICIOUS_MOVE = YES;
				CLANG_WARN_UNGUARDED_AVAILABILITY = YES_AGGRESSIVE;
				CLANG_WARN_UNREACHABLE_CODE = YES;
				CLANG_WARN__DUPLICATE_METHOD_MATCH = YES;
				CODE_SIGN_IDENTITY = "iPhone Developer";
				COPY_PHASE_STRIP = NO;
				DEBUG_INFORMATION_FORMAT = "dwarf-with-dsym";
				ENABLE_NS_ASSERTIONS = NO;
				ENABLE_STRICT_OBJC_MSGSEND = YES;
				GCC_C_LANGUAGE_STANDARD = gnu11;
				GCC_NO_COMMON_BLOCKS = YES;
				GCC_WARN_64_TO_32_BIT_CONVERSION = YES;
				GCC_WARN_ABOUT_RETURN_TYPE = YES_ERROR;
				GCC_WARN_UNDECLARED_SELECTOR = YES;
				GCC_WARN_UNINITIALIZED_AUTOS = YES_AGGRESSIVE;
				GCC_WARN_UNUSED_FUNCTION = YES;
				GCC_WARN_UNUSED_VARIABLE = YES;
				IPHONEOS_DEPLOYMENT_TARGET = 11.1;
				MTL_ENABLE_DEBUG_INFO = NO;
				SDKROOT = iphoneos;
				SWIFT_OPTIMIZATION_LEVEL = "-Owholemodule";
				VALIDATE_PRODUCT = YES;
			};
			name = Release;
		};
		863ED5D62096AA3000A46441 /* Debug */ = {
			isa = XCBuildConfiguration;
			buildSettings = {
				ASSETCATALOG_COMPILER_APPICON_NAME = AppIcon;
				CODE_SIGN_STYLE = Automatic;
				DEVELOPMENT_TEAM = JJ2D2HE2JS;
				INFOPLIST_FILE = clearAppGB/Info.plist;
				LD_RUNPATH_SEARCH_PATHS = "$(inherited) @executable_path/Frameworks";
				PRODUCT_BUNDLE_IDENTIFIER = fremantlePS.clearAppGB;
				PRODUCT_NAME = "$(TARGET_NAME)";
				SWIFT_VERSION = 4.0;
				TARGETED_DEVICE_FAMILY = "1,2";
			};
			name = Debug;
		};
		863ED5D72096AA3000A46441 /* Release */ = {
			isa = XCBuildConfiguration;
			buildSettings = {
				ASSETCATALOG_COMPILER_APPICON_NAME = AppIcon;
				CODE_SIGN_STYLE = Automatic;
				DEVELOPMENT_TEAM = JJ2D2HE2JS;
				INFOPLIST_FILE = clearAppGB/Info.plist;
				LD_RUNPATH_SEARCH_PATHS = "$(inherited) @executable_path/Frameworks";
				PRODUCT_BUNDLE_IDENTIFIER = fremantlePS.clearAppGB;
				PRODUCT_NAME = "$(TARGET_NAME)";
				SWIFT_VERSION = 4.0;
				TARGETED_DEVICE_FAMILY = "1,2";
			};
			name = Release;
		};
/* End XCBuildConfiguration section */

/* Begin XCConfigurationList section */
		863ED5BE2096AA3000A46441 /* Build configuration list for PBXProject "clearAppGB" */ = {
			isa = XCConfigurationList;
			buildConfigurations = (
				863ED5D32096AA3000A46441 /* Debug */,
				863ED5D42096AA3000A46441 /* Release */,
			);
			defaultConfigurationIsVisible = 0;
			defaultConfigurationName = Release;
		};
		863ED5D52096AA3000A46441 /* Build configuration list for PBXNativeTarget "clearAppGB" */ = {
			isa = XCConfigurationList;
			buildConfigurations = (
				863ED5D62096AA3000A46441 /* Debug */,
				863ED5D72096AA3000A46441 /* Release */,
			);
			defaultConfigurationIsVisible = 0;
			defaultConfigurationName = Release;
		};
/* End XCConfigurationList section */
	};
	rootObject = 863ED5BB2096AA3000A46441 /* Project object */;
}
